Microsoft Visual Studio Solution File, Format Version 12.00
# Visual Studio Version 17
VisualStudioVersion = 17.5.2.0
MinimumVisualStudioVersion = 10.0.40219.1
Project("{FAE04EC0-301F-11D3-BF4B-00C04F79EFBC}") = "Dominion.Backend", "Dominion.Backend.csproj", "{D0392F3B-7E0D-132F-ECF0-1A7B3D8C7855}"
EndProject
Global
	GlobalSection(SolutionConfigurationPlatforms) = preSolution
		Debug|Any CPU = Debug|Any CPU
		Release|Any CPU = Release|Any CPU
	EndGlobalSection
	GlobalSection(ProjectConfigurationPlatforms) = postSolution
		{D0392F3B-7E0D-132F-ECF0-1A7B3D8C7855}.Debug|Any CPU.ActiveCfg = Debug|Any CPU
		{D0392F3B-7E0D-132F-ECF0-1A7B3D8C7855}.Debug|Any CPU.Build.0 = Debug|Any CPU
		{D0392F3B-7E0D-132F-ECF0-1A7B3D8C7855}.Release|Any CPU.ActiveCfg = Release|Any CPU
		{D0392F3B-7E0D-132F-ECF0-1A7B3D8C7855}.Release|Any CPU.Build.0 = Release|Any CPU
	EndGlobalSection
	GlobalSection(SolutionProperties) = preSolution
		HideSolutionNode = FALSE
	EndGlobalSection
	GlobalSection(ExtensibilityGlobals) = postSolution
		SolutionGuid = {04114431-D3FE-4076-B2B3-C07D3D830F20}
	EndGlobalSection
EndGlobal
